
Microsoft Visual Studio Solution File, Format Version 12.00
# Visual Studio Version 16
VisualStudioVersion = 16.0.30907.101
MinimumVisualStudioVersion = 10.0.40219.1
Project("{FAE04EC0-301F-11D3-BF4B-00C04F79EFBC}") = "WebApplicationMVC", "WebApplicationMVC.csproj", "{F4980B30-B98F-42E5-92A3-1ACC17081F16}"
EndProject
Global
	GlobalSection(SolutionConfigurationPlatforms) = preSolution
		Debug|Any CPU = Debug|Any CPU
		Release|Any CPU = Release|Any CPU
	EndGlobalSection
	GlobalSection(ProjectConfigurationPlatforms) = postSolution
		{F4980B30-B98F-42E5-92A3-1ACC17081F16}.Debug|Any CPU.ActiveCfg = Debug|Any CPU
		{F4980B30-B98F-42E5-92A3-1ACC17081F16}.Debug|Any CPU.Build.0 = Debug|Any CPU
		{F4980B30-B98F-42E5-92A3-1ACC17081F16}.Release|Any CPU.ActiveCfg = Release|Any CPU
		{F4980B30-B98F-42E5-92A3-1ACC17081F16}.Release|Any CPU.Build.0 = Release|Any CPU
	EndGlobalSection
	GlobalSection(SolutionProperties) = preSolution
		HideSolutionNode = FALSE
	EndGlobalSection
	GlobalSection(ExtensibilityGlobals) = postSolution
		SolutionGuid = {0015DB3A-1EEC-40DE-B0B6-2212CBA5E449}
	EndGlobalSection
EndGlobal
